
Microsoft Visual Studio Solution File, Format Version 12.00
# Visual Studio Version 17
VisualStudioVersion = 17.5.33516.290
MinimumVisualStudioVersion = 10.0.40219.1
Project("{FAE04EC0-301F-11D3-BF4B-00C04F79EFBC}") = "TI_Project", "TI_project\TI_Project.csproj", "{DFA1582C-4521-46B6-9400-6849EE7010DB}"
EndProject
Project("{FAE04EC0-301F-11D3-BF4B-00C04F79EFBC}") = "TIProject.BLL", "TIProject.BLL\TIProject.BLL.csproj", "{F8E28C68-BD65-470E-A4C1-64CFF1DE35BF}"
EndProject
Project("{FAE04EC0-301F-11D3-BF4B-00C04F79EFBC}") = "TI_Project.BO", "TI_Project.BO\TI_Project.BO.csproj", "{DB9802E5-51D1-413A-98BD-8D74C5A42755}"
EndProject
Project("{FAE04EC0-301F-11D3-BF4B-00C04F79EFBC}") = "TI_Project.DAL", "TI_Project.DAL\TI_Project.DAL.csproj", "{2D60057E-257B-4566-9E60-AD2D93011CAE}"
EndProject
Project("{54435603-DBB4-11D2-8724-00A0C9A8B90C}") = "Menaxhimi_Universitetit_Setup", "Menaxhimi_Universitetit_Setup\Menaxhimi_Universitetit_Setup.vdproj", "{CD734A79-FA9D-49A0-ABDE-B197F695C6A1}"
EndProject
Global
	GlobalSection(SolutionConfigurationPlatforms) = preSolution
		Debug|Any CPU = Debug|Any CPU
		Release|Any CPU = Release|Any CPU
	EndGlobalSection
	GlobalSection(ProjectConfigurationPlatforms) = postSolution
		{DFA1582C-4521-46B6-9400-6849EE7010DB}.Debug|Any CPU.ActiveCfg = Debug|Any CPU
		{DFA1582C-4521-46B6-9400-6849EE7010DB}.Debug|Any CPU.Build.0 = Debug|Any CPU
		{DFA1582C-4521-46B6-9400-6849EE7010DB}.Release|Any CPU.ActiveCfg = Release|Any CPU
		{DFA1582C-4521-46B6-9400-6849EE7010DB}.Release|Any CPU.Build.0 = Release|Any CPU
		{F8E28C68-BD65-470E-A4C1-64CFF1DE35BF}.Debug|Any CPU.ActiveCfg = Debug|Any CPU
		{F8E28C68-BD65-470E-A4C1-64CFF1DE35BF}.Debug|Any CPU.Build.0 = Debug|Any CPU
		{F8E28C68-BD65-470E-A4C1-64CFF1DE35BF}.Release|Any CPU.ActiveCfg = Release|Any CPU
		{F8E28C68-BD65-470E-A4C1-64CFF1DE35BF}.Release|Any CPU.Build.0 = Release|Any CPU
		{DB9802E5-51D1-413A-98BD-8D74C5A42755}.Debug|Any CPU.ActiveCfg = Debug|Any CPU
		{DB9802E5-51D1-413A-98BD-8D74C5A42755}.Debug|Any CPU.Build.0 = Debug|Any CPU
		{DB9802E5-51D1-413A-98BD-8D74C5A42755}.Release|Any CPU.ActiveCfg = Release|Any CPU
		{DB9802E5-51D1-413A-98BD-8D74C5A42755}.Release|Any CPU.Build.0 = Release|Any CPU
		{2D60057E-257B-4566-9E60-AD2D93011CAE}.Debug|Any CPU.ActiveCfg = Debug|Any CPU
		{2D60057E-257B-4566-9E60-AD2D93011CAE}.Debug|Any CPU.Build.0 = Debug|Any CPU
		{2D60057E-257B-4566-9E60-AD2D93011CAE}.Release|Any CPU.ActiveCfg = Release|Any CPU
		{2D60057E-257B-4566-9E60-AD2D93011CAE}.Release|Any CPU.Build.0 = Release|Any CPU
		{CD734A79-FA9D-49A0-ABDE-B197F695C6A1}.Debug|Any CPU.ActiveCfg = Debug
		{CD734A79-FA9D-49A0-ABDE-B197F695C6A1}.Release|Any CPU.ActiveCfg = Release
	EndGlobalSection
	GlobalSection(SolutionProperties) = preSolution
		HideSolutionNode = FALSE
	EndGlobalSection
	GlobalSection(ExtensibilityGlobals) = postSolution
		SolutionGuid = {48BD5373-83CA-4640-92BA-C174C3EE97BF}
	EndGlobalSection
EndGlobal
